PackratFormat: 1.4
PackratVersion: 0.4.8.52
RVersion: 3.3.2
Repos: CRAN=https://cran.microsoft.com/snapshot/2016-11-01/

Package: BH
Source: CRAN
Version: 1.60.0-2
Hash: be2967bcff307e561d9ba17faf03205c

Package: DBI
Source: CRAN
Version: 0.5-1
Hash: 375869004db963f9915f2b8a49b4a718

Package: R6
Source: CRAN
Version: 2.2.0
Hash: 712773a3439bd32db5c40938e1a9aac2

Package: Rcpp
Source: CRAN
Version: 0.12.7
Hash: f0ba7322cfb66f1b563462faa9c2b2ab

Package: assertthat
Source: CRAN
Version: 0.1
Hash: 0afb92b59b02593c70ff8046700ba9d3

Package: curl
Source: CRAN
Version: 2.2
Hash: 4533829fb0026bd0dea77ba8f1612d37

Package: dplyr
Source: CRAN
Version: 0.5.0
Hash: 03e5e71801c0f49217922e2cd4680f06
Requires: BH, DBI, R6, Rcpp, assertthat, lazyeval, magrittr, tibble

Package: httr
Source: CRAN
Version: 1.2.1
Hash: 7de1f8f760441881804af7c1ff324340
Requires: R6, curl, jsonlite, mime, openssl

Package: jsonlite
Source: CRAN
Version: 1.1
Hash: 86d4b85b84421a4815f1bb4872e30ef4

Package: lazyeval
Source: CRAN
Version: 0.2.0
Hash: 3d6e7608e65bbf5cb170dab1e3c9ed8b

Package: magrittr
Source: CRAN
Version: 1.5
Hash: bdc4d48c3135e8f3b399536ddf160df4

Package: mime
Source: CRAN
Version: 0.5
Hash: 463550cf44fb6f0a2359368f42eebe62

Package: openssl
Source: CRAN
Version: 0.9.5
Hash: 26776a287eaffb2331c9a449c1d2a791

Package: packrat
Source: github
Version: 0.4.8-52
Hash: 7f9597c44599820158b7dd1693153db9
GithubRepo: packrat
GithubUsername: rstudio
GithubRef: master
GithubSha1: 4b3e4025404f98d25fb73799e86c1762effe5d7e

Package: rtson
Source: github
Version: 1.4
Hash: 473b8049bcd0e3b9bf7c28cfe24db8f9
Requires: R6
GithubRepo: TSON
GithubUsername: tercen
GithubRef: 1.4-rtson
GithubSha1: efea4bdc41d67e979199ba80376d41ec7fe7208f
GithubSubdir: rtson

Package: tercen
Source: github
Version: 0.4.6
Hash: cd7b1afeb374804c7dc837a1361becf3
Requires: R6, dplyr, httr, jsonlite, rtson, tibble, yaml
GithubRepo: teRcen
GithubUsername: tercen
GithubRef: 0.4.6
GithubSha1: 8b7317cbbb430d9b1532e38f9c8261dac1a2a7b6

Package: tibble
Source: CRAN
Version: 1.2
Hash: 3b35b556ef7acddb0d28fe6a27ad50e4
Requires: Rcpp, assertthat, lazyeval

Package: yaml
Source: CRAN
Version: 2.1.13
Hash: 4854ccabebc225e8a7309fb4a74980de
